{
  "projects": [
    {
      "projectId": "8evnTWPVwZ7FqJMVwJ5kQX",
      "version": "latest",
      "dependencies": {},
      "lang": "ts",
      "fileLocks": [
        {
          "type": "globalVariant",
          "assetId": "NWCq1TNqK1ZjKa",
          "checksum": "280293de9dd3f3318fe47d58ae2ef4ce"
        },
        {
          "type": "globalVariant",
          "assetId": "Vc-7l2D4qWoQ_3",
          "checksum": "a9cae9f64aa11fd3a932c2f0eb0f0c0a"
        },
        {
          "assetId": "8evnTWPVwZ7FqJMVwJ5kQX",
          "type": "projectCss",
          "checksum": "53f2616f44877ef6471f8ae38e941ca9"
        },
        {
          "type": "renderModule",
          "assetId": "FxMJbYBreJCwJ",
          "checksum": "4286a4265f484aed4f8d599974132add"
        },
        {
          "type": "cssRules",
          "assetId": "FxMJbYBreJCwJ",
          "checksum": "4286a4265f484aed4f8d599974132add"
        },
        {
          "type": "renderModule",
          "assetId": "V6gUMiYBt2T1-",
          "checksum": "f2132cbbed8f532b5dbb5d8831cd9923"
        },
        {
          "type": "cssRules",
          "assetId": "V6gUMiYBt2T1-",
          "checksum": "f2132cbbed8f532b5dbb5d8831cd9923"
        },
        {
          "type": "renderModule",
          "assetId": "5sobSnzMI4HNK",
          "checksum": "89edb15b494d9f849696de429710a104"
        },
        {
          "type": "cssRules",
          "assetId": "5sobSnzMI4HNK",
          "checksum": "89edb15b494d9f849696de429710a104"
        },
        {
          "type": "renderModule",
          "assetId": "M-C0j1W8HBKA_",
          "checksum": "f764aa9d01e1c34c784de73ccee8fd62"
        },
        {
          "type": "cssRules",
          "assetId": "M-C0j1W8HBKA_",
          "checksum": "f764aa9d01e1c34c784de73ccee8fd62"
        },
        {
          "type": "renderModule",
          "assetId": "fiiNkbWJPqTRP",
          "checksum": "527407f54398f316bc9dd9a65e423955"
        },
        {
          "type": "cssRules",
          "assetId": "fiiNkbWJPqTRP",
          "checksum": "527407f54398f316bc9dd9a65e423955"
        },
        {
          "type": "renderModule",
          "assetId": "yyGss2xztyl36",
          "checksum": "643c94d0fc946cd123b2a3f3c1290741"
        },
        {
          "type": "cssRules",
          "assetId": "yyGss2xztyl36",
          "checksum": "643c94d0fc946cd123b2a3f3c1290741"
        },
        {
          "type": "renderModule",
          "assetId": "n0PXMRjCTSzSo",
          "checksum": "972637b55b4014dd81e8892d5d74c7b3"
        },
        {
          "type": "cssRules",
          "assetId": "n0PXMRjCTSzSo",
          "checksum": "972637b55b4014dd81e8892d5d74c7b3"
        },
        {
          "type": "renderModule",
          "assetId": "-myEglF4GANrLY",
          "checksum": "ed4cf28dfa2971b62c66633907c2a62b"
        },
        {
          "type": "cssRules",
          "assetId": "-myEglF4GANrLY",
          "checksum": "ed4cf28dfa2971b62c66633907c2a62b"
        },
        {
          "type": "renderModule",
          "assetId": "Q-luTSlmtgyad-",
          "checksum": "838f291467047bcc5136008af1b06181"
        },
        {
          "type": "cssRules",
          "assetId": "Q-luTSlmtgyad-",
          "checksum": "838f291467047bcc5136008af1b06181"
        },
        {
          "type": "renderModule",
          "assetId": "2_hTV3Sfsq3o8U",
          "checksum": "1e20dee25a63dafb645709fe809301ed"
        },
        {
          "type": "cssRules",
          "assetId": "2_hTV3Sfsq3o8U",
          "checksum": "1e20dee25a63dafb645709fe809301ed"
        },
        {
          "type": "renderModule",
          "assetId": "yVknrskS1_dKQA",
          "checksum": "fa26fdd58e113547d16b4212f9edf33c"
        },
        {
          "type": "cssRules",
          "assetId": "yVknrskS1_dKQA",
          "checksum": "fa26fdd58e113547d16b4212f9edf33c"
        },
        {
          "type": "renderModule",
          "assetId": "kVgrwryxuBFYqq",
          "checksum": "34af12cd9eccd8b02d98503009b87258"
        },
        {
          "type": "cssRules",
          "assetId": "kVgrwryxuBFYqq",
          "checksum": "34af12cd9eccd8b02d98503009b87258"
        },
        {
          "type": "renderModule",
          "assetId": "4oMKLAUMNXb_Hq",
          "checksum": "b7b197824758c51c9899eda5fa9595bc"
        },
        {
          "type": "cssRules",
          "assetId": "4oMKLAUMNXb_Hq",
          "checksum": "b7b197824758c51c9899eda5fa9595bc"
        },
        {
          "type": "renderModule",
          "assetId": "2NsBmbW74uTHcu",
          "checksum": "5c43dbb44632c866a30d5441dcc89482"
        },
        {
          "type": "cssRules",
          "assetId": "2NsBmbW74uTHcu",
          "checksum": "5c43dbb44632c866a30d5441dcc89482"
        },
        {
          "type": "renderModule",
          "assetId": "yX0kYWItvY_O_m",
          "checksum": "2e4a371c844e426bcbf1f3f6a9999163"
        },
        {
          "type": "cssRules",
          "assetId": "yX0kYWItvY_O_m",
          "checksum": "2e4a371c844e426bcbf1f3f6a9999163"
        },
        {
          "type": "renderModule",
          "assetId": "NTeLDgCmA5MpZC",
          "checksum": "3f0b53a2d3a794c8ef7cdad0581bec00"
        },
        {
          "type": "cssRules",
          "assetId": "NTeLDgCmA5MpZC",
          "checksum": "3f0b53a2d3a794c8ef7cdad0581bec00"
        },
        {
          "type": "renderModule",
          "assetId": "iAwocRK-9KdmRe",
          "checksum": "0682c121552d3c882885d695fdb7b93c"
        },
        {
          "type": "cssRules",
          "assetId": "iAwocRK-9KdmRe",
          "checksum": "0682c121552d3c882885d695fdb7b93c"
        },
        {
          "type": "renderModule",
          "assetId": "8IdaqiyysNfTVQ",
          "checksum": "7b65786fc6f2935ccff96f8b554c9e3e"
        },
        {
          "type": "cssRules",
          "assetId": "8IdaqiyysNfTVQ",
          "checksum": "7b65786fc6f2935ccff96f8b554c9e3e"
        },
        {
          "type": "renderModule",
          "assetId": "pAv03fvKN_t3VC",
          "checksum": "5fb55e3271b1dfd622f858c894a326a7"
        },
        {
          "type": "cssRules",
          "assetId": "pAv03fvKN_t3VC",
          "checksum": "5fb55e3271b1dfd622f858c894a326a7"
        },
        {
          "type": "renderModule",
          "assetId": "t9FaXeqxhN2U-R",
          "checksum": "767b1be6748543b12cc4fe4b3576d86b"
        },
        {
          "type": "cssRules",
          "assetId": "t9FaXeqxhN2U-R",
          "checksum": "767b1be6748543b12cc4fe4b3576d86b"
        },
        {
          "type": "renderModule",
          "assetId": "2ko9HLxRDvrKgQ",
          "checksum": "3dbc6a7f33e16db39c3181f4f6ed5649"
        },
        {
          "type": "cssRules",
          "assetId": "2ko9HLxRDvrKgQ",
          "checksum": "3dbc6a7f33e16db39c3181f4f6ed5649"
        },
        {
          "type": "renderModule",
          "assetId": "3ANj-HxcqrOyyT",
          "checksum": "d1cbd7883c0c0c0e3cf10d51d5d22d07"
        },
        {
          "type": "cssRules",
          "assetId": "3ANj-HxcqrOyyT",
          "checksum": "d1cbd7883c0c0c0e3cf10d51d5d22d07"
        },
        {
          "type": "renderModule",
          "assetId": "57SxpRBLIurCd_",
          "checksum": "40fe0819344b541d0de36531b6a54b57"
        },
        {
          "type": "cssRules",
          "assetId": "57SxpRBLIurCd_",
          "checksum": "40fe0819344b541d0de36531b6a54b57"
        },
        {
          "type": "renderModule",
          "assetId": "SY0fThONFAWcH0",
          "checksum": "2e8ed7e7b3d4ba0168ab8640a3843fd2"
        },
        {
          "type": "cssRules",
          "assetId": "SY0fThONFAWcH0",
          "checksum": "2e8ed7e7b3d4ba0168ab8640a3843fd2"
        },
        {
          "type": "renderModule",
          "assetId": "_HUkNMOFGj56Vi",
          "checksum": "3cc450eba5e6945bfae79eb166ada4db"
        },
        {
          "type": "cssRules",
          "assetId": "_HUkNMOFGj56Vi",
          "checksum": "3cc450eba5e6945bfae79eb166ada4db"
        },
        {
          "type": "renderModule",
          "assetId": "-BY7quCuv_EdY_",
          "checksum": "f2f961761dcf4bb39d76ed9700518f21"
        },
        {
          "type": "cssRules",
          "assetId": "-BY7quCuv_EdY_",
          "checksum": "f2f961761dcf4bb39d76ed9700518f21"
        },
        {
          "type": "renderModule",
          "assetId": "vzrgKhto_QQx6N",
          "checksum": "a9397de4f22417a34a91105fcbff435d"
        },
        {
          "type": "cssRules",
          "assetId": "vzrgKhto_QQx6N",
          "checksum": "a9397de4f22417a34a91105fcbff435d"
        },
        {
          "type": "icon",
          "assetId": "GcwBRPfmK1GGr4",
          "checksum": "3a453e29c315b951d2e8ab7fdd72090d"
        },
        {
          "type": "icon",
          "assetId": "B2T7zf5SyBgcXa",
          "checksum": "33ba6b8e5d9190e353fd3555b7b0a5f0"
        },
        {
          "type": "icon",
          "assetId": "by96PyozDuqlxn",
          "checksum": "d3842ed57fd02895fe82f9ba32c6613c"
        },
        {
          "type": "icon",
          "assetId": "Yw60T2Cl3_M2SH",
          "checksum": "c97f6c11d93a0f87b8e5a7a402749786"
        },
        {
          "type": "icon",
          "assetId": "vsJIIiAuDkFFvK",
          "checksum": "b7e4af5da134345eff61d18071ad0403"
        },
        {
          "type": "icon",
          "assetId": "YKYiJJXC-uUn1u",
          "checksum": "946d69dbc93f0fb76144d3ac9ff9bbcb"
        },
        {
          "type": "icon",
          "assetId": "qqtc_8EfC_qi-8",
          "checksum": "e254c6a489f641981b62953c2ec51869"
        },
        {
          "type": "icon",
          "assetId": "RLE7uC047oCVzU",
          "checksum": "2ad3ff21fb1ff860231b27eddb85830f"
        },
        {
          "type": "icon",
          "assetId": "Y-lO-BxG9DVeGZ",
          "checksum": "8c57c6797c6feab7a78d7bdc33ac7430"
        },
        {
          "type": "icon",
          "assetId": "n9oc13nuQbQGTO",
          "checksum": "e6e34d93873b456e9b65b16e2b8a917a"
        },
        {
          "type": "icon",
          "assetId": "8kHCTP9--g0Bcj",
          "checksum": "1864ca2a675110b2987692a3b9c909eb"
        },
        {
          "type": "icon",
          "assetId": "qx1xq773xV1uem",
          "checksum": "caf1c32bb3ea5539bd5484765a1e37be"
        },
        {
          "type": "icon",
          "assetId": "90uvfieAr7FyhJ",
          "checksum": "30cc0600864bd6dc50f241bff7640eba"
        },
        {
          "type": "icon",
          "assetId": "ySYKyfCcUssP6k",
          "checksum": "cf26bb5b8a2cb9038d54c82b97b59fa7"
        },
        {
          "type": "icon",
          "assetId": "vp4i2pOpltDgPt",
          "checksum": "c3339dbe549a7d12044d983d135a54ec"
        },
        {
          "type": "icon",
          "assetId": "0PEOzhfcGg3Hl8",
          "checksum": "ce4c066afac33bc52bd1d0368b3d60f9"
        },
        {
          "type": "icon",
          "assetId": "z9KNEOq5v2t2yF",
          "checksum": "034da07ad628c6a84401ec5c8e81858d"
        },
        {
          "type": "icon",
          "assetId": "n5wCPMskNPT5wX",
          "checksum": "483f3896df12b4457070f6e35866950a"
        },
        {
          "type": "icon",
          "assetId": "eNDDvDdOplmE5J",
          "checksum": "c703b83894373167227ecde34245e7c6"
        },
        {
          "type": "icon",
          "assetId": "4Z_50JvetUFzVn",
          "checksum": "07d515ac2b30e89515f41ec82cd012f6"
        },
        {
          "type": "icon",
          "assetId": "L5z-qZvqAnw0kv",
          "checksum": "a3989f5faceace05f68185a77af6438f"
        },
        {
          "type": "icon",
          "assetId": "_R2sbpdqPP6kXQ",
          "checksum": "142c963196041e4f41e4b58fc4d62307"
        },
        {
          "type": "icon",
          "assetId": "Hvddy4bO4Fz6Ah",
          "checksum": "6d60db5be3f7e5e4a9dfc4cd54528493"
        },
        {
          "type": "icon",
          "assetId": "xGYYD4BmcXFfdM",
          "checksum": "bbef8089f79b074498052dc678a4f252"
        },
        {
          "type": "icon",
          "assetId": "YodIUGqbTwYomr",
          "checksum": "968d733a1af23bb6abdd564b63580aa3"
        },
        {
          "type": "icon",
          "assetId": "uzr-JsptplwAmb",
          "checksum": "2c89425dbea3b6e699ad68e7d2aeb6ff"
        },
        {
          "type": "icon",
          "assetId": "vsWg7WcGvu_lA-",
          "checksum": "ce06f8e48f2bf58e9f8c719e3f1214cd"
        },
        {
          "type": "icon",
          "assetId": "3fZn4T2hV40UY3",
          "checksum": "441b05ef5e74739c62a83edc4fc30e88"
        },
        {
          "type": "icon",
          "assetId": "8Mhu-MShzXncvx",
          "checksum": "ee20d20a1009b6359cea9ab8f3435921"
        },
        {
          "type": "icon",
          "assetId": "P77jHxFgat42Vy",
          "checksum": "1855fe91fc5dfdb9e3a0e3987b2e2f7a"
        },
        {
          "type": "icon",
          "assetId": "rrn5HhXj3KKu9q",
          "checksum": "cadc18ce99290bb516c346703d1aec90"
        },
        {
          "type": "icon",
          "assetId": "G_of8zZez_Lcu1",
          "checksum": "f0abec68e1d98045185ac6cc720cd327"
        },
        {
          "type": "icon",
          "assetId": "9UOBj2g30a-Ewh",
          "checksum": "e6057199a7dffb595d69794397adc5bf"
        },
        {
          "type": "icon",
          "assetId": "-_cYKmO9Q5gsLd",
          "checksum": "d2ee456d7101a967f778d23cb5cc0763"
        },
        {
          "type": "icon",
          "assetId": "AkoRDqp35Y591T",
          "checksum": "18ef8920d9dbe45ed93607e978e7ed7f"
        },
        {
          "type": "icon",
          "assetId": "wN-vc9LLkgwQaE",
          "checksum": "d89751a9ba10a08b9ab435bfe9d41093"
        },
        {
          "type": "icon",
          "assetId": "alNkVZQIo_1iDp",
          "checksum": "ef532a41f3d2fffa3b94bea69021d74d"
        },
        {
          "type": "icon",
          "assetId": "3tLrzlwCNJciFC",
          "checksum": "f77b7ed2e88d627e1ab6af3518d33e79"
        },
        {
          "type": "icon",
          "assetId": "rHJk9crefYA049",
          "checksum": "46bde05a85d74be9b5a8bd23fb805566"
        },
        {
          "type": "icon",
          "assetId": "HjJiIQrz7zxxeK",
          "checksum": "1f7b63a8cfe81c106d1d5831f90d9000"
        },
        {
          "type": "icon",
          "assetId": "ZmmY1D5YXQbUyg",
          "checksum": "07bfb0486dd92f82e500d2aaf22ca694"
        },
        {
          "type": "icon",
          "assetId": "r_2qg0XeFxfbBr",
          "checksum": "e6e00e82840839efbc02d17396e05372"
        },
        {
          "type": "icon",
          "assetId": "AOU-rmQiF6E3mt",
          "checksum": "0956cc02db8b803ac78c8d37c89a9430"
        },
        {
          "type": "icon",
          "assetId": "o37FvjloMnt0cR",
          "checksum": "116bfd90aed977c509b2e406d06af831"
        },
        {
          "type": "icon",
          "assetId": "-vR0-aH7nreEWp",
          "checksum": "a305ccdeae30591e2c18605b6f982117"
        },
        {
          "type": "icon",
          "assetId": "XyiCUQJWnKjFyz",
          "checksum": "641f2611d88f38699c7e2f4d3248931e"
        },
        {
          "type": "icon",
          "assetId": "CY6XMxS41X6LNq",
          "checksum": "9c6e9dad663dc02c229cfa0a0b40e56e"
        },
        {
          "type": "icon",
          "assetId": "JgrOTjv2VptaZs",
          "checksum": "85536c984935f0456dcd06f02592cd0a"
        },
        {
          "type": "icon",
          "assetId": "uU-37qhmfcu2eb",
          "checksum": "9204d7b4627f21f6ccc146e1a3aebb7f"
        },
        {
          "type": "icon",
          "assetId": "YfBTa9YeLEZIS4",
          "checksum": "b6737f3238c2afec7e65f2caf3364596"
        },
        {
          "type": "icon",
          "assetId": "QotTWPep-LEPJH",
          "checksum": "0a82ad3d454816633131cef58c8ffea6"
        },
        {
          "type": "icon",
          "assetId": "miPvjB7HH6BN00",
          "checksum": "0e4d033300d3e994bf804605a26bfb09"
        },
        {
          "type": "icon",
          "assetId": "d2572puS-rWXN4",
          "checksum": "0d8b12cfc6605328e3262a8b6e74ec83"
        },
        {
          "type": "icon",
          "assetId": "9xAh_SzNhJRwXw",
          "checksum": "f14ab613c9b0afd259d452e7b28c56d6"
        },
        {
          "type": "image",
          "assetId": "otxTjCUbWORXd1",
          "checksum": "12720fa67f61b0438706b44344b941e4"
        },
        {
          "type": "image",
          "assetId": "jkeWYeNe3EUHCe",
          "checksum": "c65d2443c311a24a841e771eed59b4c5"
        },
        {
          "type": "image",
          "assetId": "sAaa16IyaLiJpi",
          "checksum": "76d7e4d52bd0d8c1833b9b35a8d5efe1"
        },
        {
          "type": "image",
          "assetId": "U5MIyiCxdOb7Tk",
          "checksum": "7d6642fa87bce2f787af24176545d038"
        },
        {
          "type": "image",
          "assetId": "0gjiihLGvYLXB8",
          "checksum": "b143e7f3b1c1f9c4eed37906e5038604"
        },
        {
          "type": "image",
          "assetId": "OEOf5kajuaE6Xy",
          "checksum": "85092923ed42f7958246f193607146ec"
        },
        {
          "type": "image",
          "assetId": "0tSXU7CS_JQMe2",
          "checksum": "58c4fb2f081ccc33486da54f20b1acc4"
        },
        {
          "type": "image",
          "assetId": "M0qucaUV07S_ZF",
          "checksum": "b821109779f39ad122bd91ade7f2bc02"
        },
        {
          "type": "image",
          "assetId": "jHnpXr39ok1_pq",
          "checksum": "0ac046c3168348fa996fc87990a072fc"
        },
        {
          "type": "image",
          "assetId": "LWHU3elz6x5zRk",
          "checksum": "26d32707b3c31e54cac9fbb3d4438378"
        },
        {
          "type": "image",
          "assetId": "8HmyYarn-TScvR",
          "checksum": "72f25f77aa7301312dbc7c0231ffcf13"
        },
        {
          "type": "image",
          "assetId": "cCd67Z669OcGpS",
          "checksum": "d9e4642fe711831c04504b9fd69a6d1a"
        },
        {
          "type": "image",
          "assetId": "fqj4AJIVzRvPMh",
          "checksum": "ff14746886bcf30c3488af8a3d915d69"
        },
        {
          "type": "image",
          "assetId": "_PySMGBT3iHZYj",
          "checksum": "1fa57ef7c9d71162c36bd7f6363ef789"
        },
        {
          "type": "image",
          "assetId": "3zCwHRslsxR1_q",
          "checksum": "573180f01fa0f59e036667c7737dd6d3"
        },
        {
          "type": "image",
          "assetId": "NMzv-sVMJlH5I3",
          "checksum": "834bd36bb8ce3cb19a45b355afb9730e"
        },
        {
          "type": "image",
          "assetId": "oETykkI3dRK-54",
          "checksum": "060317e872105295b565f488c504e610"
        },
        {
          "type": "image",
          "assetId": "fpG2VDsCTtSTc4",
          "checksum": "ac4ac3b2476cf9abe43a7e83098eb85a"
        },
        {
          "type": "image",
          "assetId": "1Bd_ue8_M_t8XR",
          "checksum": "af0318b00583817edc14f928328b3227"
        },
        {
          "type": "image",
          "assetId": "SNe0qVtrGafdC9",
          "checksum": "25d136cb54cabc5c8e82ce67d6cb2986"
        }
      ],
      "codegenVersion": "0.0.1"
    }
  ],
  "cliVersion": "0.1.184"
}
